FORGE
  remote: http://forge.puppetlabs.com
  specs:
    maestrodev/rvm (1.1.7)
      puppetlabs/stdlib (>= 3.2.0)
    puppetlabs/apt (1.2.0)
      puppetlabs/stdlib (>= 2.2.1)
    puppetlabs/firewall (0.4.1)
    puppetlabs/postgresql (2.4.1)
      puppetlabs/apt (< 2.0.0, >= 1.1.0)
      puppetlabs/firewall (>= 0.0.4)
      puppetlabs/stdlib (< 5.0.0, >= 3.2.0)
      ripienaar/concat (>= 0.2.0)
    puppetlabs/stdlib (4.1.0)
    puppetlabs/vcsrepo (0.1.2)
    ripienaar/concat (0.2.0)

GIT
  remote: https://github.com/puppetlabs/puppetlabs-nginx.git
  ref: master
  sha: 1441edcfac8d2c6e12488c3867624e38e5532e4c
  specs:
    puppetlabs/nginx (0.0.1)
      puppetlabs/stdlib (>= 0.1.6)

DEPENDENCIES
  maestrodev/rvm (>= 0)
  puppetlabs/apt (>= 0)
  puppetlabs/nginx (>= 0)
  puppetlabs/postgresql (>= 0)
  puppetlabs/stdlib (>= 0)
  puppetlabs/vcsrepo (>= 0)

